
Microsoft Visual Studio Solution File, Format Version 12.00
# Visual Studio 2013
VisualStudioVersion = 12.0.40629.0
MinimumVisualStudioVersion = 10.0.40219.1
Project("{FAE04EC0-301F-11D3-BF4B-00C04F79EFBC}") = "AutoGetXML", "AutoGetXML\AutoGetXML.csproj", "{D90E358E-21E9-4E5D-87F6-C306752224EB}"
EndProject
Global
	GlobalSection(SolutionConfigurationPlatforms) = preSolution
		Debug|Any CPU = Debug|Any CPU
		Release|Any CPU = Release|Any CPU
	EndGlobalSection
	GlobalSection(ProjectConfigurationPlatforms) = postSolution
		{D90E358E-21E9-4E5D-87F6-C306752224EB}.Debug|Any CPU.ActiveCfg = Debug|Any CPU
		{D90E358E-21E9-4E5D-87F6-C306752224EB}.Debug|Any CPU.Build.0 = Debug|Any CPU
		{D90E358E-21E9-4E5D-87F6-C306752224EB}.Release|Any CPU.ActiveCfg = Release|Any CPU
		{D90E358E-21E9-4E5D-87F6-C306752224EB}.Release|Any CPU.Build.0 = Release|Any CPU
	EndGlobalSection
	GlobalSection(SolutionProperties) = preSolution
		HideSolutionNode = FALSE
	EndGlobalSection
EndGlobal
